github.com/acmer1183/util/netutil v0.0.0-20220211070435-94e838ddcc92 h1:zcmp+iwtRUfKk8xBFww5nhryCW/OnQd+XKTTLGgAWwo=
github.com/acmer1183/util/netutil v0.0.0-20220211070435-94e838ddcc92/go.mod h1:ObVJjh7wZmoYkga2aDiYTizir3zCobUnUHOiCxGHMc8=
github.com/acmer1183/util/netutil v0.0.1 h1:gWiPyJpQcv97MB2n+RYkkTZwmjLVpVBH0Ox/MLsp4u0=
github.com/acmer1183/util/netutil v0.0.1/go.mod h1:ObVJjh7wZmoYkga2aDiYTizir3zCobUnUHOiCxGHMc8=
